Microsoft Visual Studio Solution File, Format Version 12.00
# Visual Studio Version 17
VisualStudioVersion = 17.3.32804.467
MinimumVisualStudioVersion = 10.0.40219.1
Project("{2150E333-8FDC-42A3-9474-1A3956D46DE8}") = "src", "src", "{8EB0B8DD-C4A9-4741-8531-5EF6EF28033B}"
EndProject
Project("{2150E333-8FDC-42A3-9474-1A3956D46DE8}") = "corePackages", "corePackages", "{0E0AF4F3-0DF9-4067-A806-35D5DAEF52F9}"
EndProject
Project("{2150E333-8FDC-42A3-9474-1A3956D46DE8}") = "projects", "projects", "{05ABEBBA-B336-4443-B03F-1D5A263E46D5}"
EndProject
Project("{2150E333-8FDC-42A3-9474-1A3956D46DE8}") = "kodlama.io.Devs", "kodlama.io.Devs", "{96375967-99BD-4AAD-B7BF-6D66C797C1EB}"
EndProject
Project("{9A19103F-16F7-4668-BE54-9A1E7A4F7556}") = "Core.Application", "src\corePackages\Core.Application\Core.Application.csproj", "{86F0CC3C-0260-4984-91D0-03AEC5315F0D}"
EndProject
Project("{9A19103F-16F7-4668-BE54-9A1E7A4F7556}") = "Core.CrossCuttingConcerns", "src\corePackages\Core.CrossCuttingConcerns\Core.CrossCuttingConcerns.csproj", "{ED880E24-B2D5-4DD8-8FFB-D3ED3E88F4BF}"
EndProject
Project("{9A19103F-16F7-4668-BE54-9A1E7A4F7556}") = "Core.ElasticSearch", "src\corePackages\Core.ElasticSearch\Core.ElasticSearch.csproj", "{1FE2280C-3B75-430F-A61F-61A52CE75BA6}"
EndProject
Project("{9A19103F-16F7-4668-BE54-9A1E7A4F7556}") = "Core.Mailing", "src\corePackages\Core.Mailing\Core.Mailing.csproj", "{84AF12F4-ACD7-420A-85C4-5AD96188AC9D}"
EndProject
Project("{9A19103F-16F7-4668-BE54-9A1E7A4F7556}") = "Core.Persistence", "src\corePackages\Core.Persistence\Core.Persistence.csproj", "{0CD47A10-BDD8-4363-89E1-5104A0F3C422}"
EndProject
Project("{9A19103F-16F7-4668-BE54-9A1E7A4F7556}") = "Core.Security", "src\corePackages\Core.Security\Core.Security.csproj", "{F1E33AAC-4A0D-40B7-A496-5D524D824D1E}"
EndProject
Project("{9A19103F-16F7-4668-BE54-9A1E7A4F7556}") = "Kodlama.io.Devs.Application", "src\projects\kodlama.io.Devs\Kodlama.io.Devs.Application\Kodlama.io.Devs.Application.csproj", "{C5F310FC-3D11-4F65-ABBB-51AF1CB55990}"
EndProject
Project("{9A19103F-16F7-4668-BE54-9A1E7A4F7556}") = "Kodlama.io.Devs.Domain", "src\projects\kodlama.io.Devs\Kodlama.io.Devs.Domain\Kodlama.io.Devs.Domain.csproj", "{2504ED2D-3467-45C4-A4DE-E504EEC576C3}"
EndProject
Project("{9A19103F-16F7-4668-BE54-9A1E7A4F7556}") = "Kodlama.io.Devs.Infrastructure", "src\projects\kodlama.io.Devs\Kodlama.io.Devs.Infrastructure\Kodlama.io.Devs.Infrastructure.csproj", "{E46A0A49-208E-4869-9899-B425D955F465}"
EndProject
Project("{9A19103F-16F7-4668-BE54-9A1E7A4F7556}") = "Kodlama.io.Devs.Persistence", "src\projects\kodlama.io.Devs\Kodlama.io.Devs.Persistence\Kodlama.io.Devs.Persistence.csproj", "{BD331F9E-6A28-45C9-96BF-615F52553FE8}"
EndProject
Project("{9A19103F-16F7-4668-BE54-9A1E7A4F7556}") = "Kodlama.io.Devs.WebAPI", "src\projects\kodlama.io.Devs\Kodlama.io.Devs.WebAPI\Kodlama.io.Devs.WebAPI.csproj", "{97E94653-5BE3-419D-B1CA-4A19C83621C9}"
EndProject
Global
	GlobalSection(SolutionConfigurationPlatforms) = preSolution
		Debug|Any CPU = Debug|Any CPU
		Release|Any CPU = Release|Any CPU
	EndGlobalSection
	GlobalSection(ProjectConfigurationPlatforms) = postSolution
		{86F0CC3C-0260-4984-91D0-03AEC5315F0D}.Debug|Any CPU.ActiveCfg = Debug|Any CPU
		{86F0CC3C-0260-4984-91D0-03AEC5315F0D}.Debug|Any CPU.Build.0 = Debug|Any CPU
		{86F0CC3C-0260-4984-91D0-03AEC5315F0D}.Release|Any CPU.ActiveCfg = Release|Any CPU
		{86F0CC3C-0260-4984-91D0-03AEC5315F0D}.Release|Any CPU.Build.0 = Release|Any CPU
		{ED880E24-B2D5-4DD8-8FFB-D3ED3E88F4BF}.Debug|Any CPU.ActiveCfg = Debug|Any CPU
		{ED880E24-B2D5-4DD8-8FFB-D3ED3E88F4BF}.Debug|Any CPU.Build.0 = Debug|Any CPU
		{ED880E24-B2D5-4DD8-8FFB-D3ED3E88F4BF}.Release|Any CPU.ActiveCfg = Release|Any CPU
		{ED880E24-B2D5-4DD8-8FFB-D3ED3E88F4BF}.Release|Any CPU.Build.0 = Release|Any CPU
		{1FE2280C-3B75-430F-A61F-61A52CE75BA6}.Debug|Any CPU.ActiveCfg = Debug|Any CPU
		{1FE2280C-3B75-430F-A61F-61A52CE75BA6}.Debug|Any CPU.Build.0 = Debug|Any CPU
		{1FE2280C-3B75-430F-A61F-61A52CE75BA6}.Release|Any CPU.ActiveCfg = Release|Any CPU
		{1FE2280C-3B75-430F-A61F-61A52CE75BA6}.Release|Any CPU.Build.0 = Release|Any CPU
		{84AF12F4-ACD7-420A-85C4-5AD96188AC9D}.Debug|Any CPU.ActiveCfg = Debug|Any CPU
		{84AF12F4-ACD7-420A-85C4-5AD96188AC9D}.Debug|Any CPU.Build.0 = Debug|Any CPU
		{84AF12F4-ACD7-420A-85C4-5AD96188AC9D}.Release|Any CPU.ActiveCfg = Release|Any CPU
		{84AF12F4-ACD7-420A-85C4-5AD96188AC9D}.Release|Any CPU.Build.0 = Release|Any CPU
		{0CD47A10-BDD8-4363-89E1-5104A0F3C422}.Debug|Any CPU.ActiveCfg = Debug|Any CPU
		{0CD47A10-BDD8-4363-89E1-5104A0F3C422}.Debug|Any CPU.Build.0 = Debug|Any CPU
		{0CD47A10-BDD8-4363-89E1-5104A0F3C422}.Release|Any CPU.ActiveCfg = Release|Any CPU
		{0CD47A10-BDD8-4363-89E1-5104A0F3C422}.Release|Any CPU.Build.0 = Release|Any CPU
		{F1E33AAC-4A0D-40B7-A496-5D524D824D1E}.Debug|Any CPU.ActiveCfg = Debug|Any CPU
		{F1E33AAC-4A0D-40B7-A496-5D524D824D1E}.Debug|Any CPU.Build.0 = Debug|Any CPU
		{F1E33AAC-4A0D-40B7-A496-5D524D824D1E}.Release|Any CPU.ActiveCfg = Release|Any CPU
		{F1E33AAC-4A0D-40B7-A496-5D524D824D1E}.Release|Any CPU.Build.0 = Release|Any CPU
		{C5F310FC-3D11-4F65-ABBB-51AF1CB55990}.Debug|Any CPU.ActiveCfg = Debug|Any CPU
		{C5F310FC-3D11-4F65-ABBB-51AF1CB55990}.Debug|Any CPU.Build.0 = Debug|Any CPU
		{C5F310FC-3D11-4F65-ABBB-51AF1CB55990}.Release|Any CPU.ActiveCfg = Release|Any CPU
		{C5F310FC-3D11-4F65-ABBB-51AF1CB55990}.Release|Any CPU.Build.0 = Release|Any CPU
		{2504ED2D-3467-45C4-A4DE-E504EEC576C3}.Debug|Any CPU.ActiveCfg = Debug|Any CPU
		{2504ED2D-3467-45C4-A4DE-E504EEC576C3}.Debug|Any CPU.Build.0 = Debug|Any CPU
		{2504ED2D-3467-45C4-A4DE-E504EEC576C3}.Release|Any CPU.ActiveCfg = Release|Any CPU
		{2504ED2D-3467-45C4-A4DE-E504EEC576C3}.Release|Any CPU.Build.0 = Release|Any CPU
		{E46A0A49-208E-4869-9899-B425D955F465}.Debug|Any CPU.ActiveCfg = Debug|Any CPU
		{E46A0A49-208E-4869-9899-B425D955F465}.Debug|Any CPU.Build.0 = Debug|Any CPU
		{E46A0A49-208E-4869-9899-B425D955F465}.Release|Any CPU.ActiveCfg = Release|Any CPU
		{E46A0A49-208E-4869-9899-B425D955F465}.Release|Any CPU.Build.0 = Release|Any CPU
		{BD331F9E-6A28-45C9-96BF-615F52553FE8}.Debug|Any CPU.ActiveCfg = Debug|Any CPU
		{BD331F9E-6A28-45C9-96BF-615F52553FE8}.Debug|Any CPU.Build.0 = Debug|Any CPU
		{BD331F9E-6A28-45C9-96BF-615F52553FE8}.Release|Any CPU.ActiveCfg = Release|Any CPU
		{BD331F9E-6A28-45C9-96BF-615F52553FE8}.Release|Any CPU.Build.0 = Release|Any CPU
		{97E94653-5BE3-419D-B1CA-4A19C83621C9}.Debug|Any CPU.ActiveCfg = Debug|Any CPU
		{97E94653-5BE3-419D-B1CA-4A19C83621C9}.Debug|Any CPU.Build.0 = Debug|Any CPU
		{97E94653-5BE3-419D-B1CA-4A19C83621C9}.Release|Any CPU.ActiveCfg = Release|Any CPU
		{97E94653-5BE3-419D-B1CA-4A19C83621C9}.Release|Any CPU.Build.0 = Release|Any CPU
	EndGlobalSection
	GlobalSection(SolutionProperties) = preSolution
		HideSolutionNode = FALSE
	EndGlobalSection
	GlobalSection(NestedProjects) = preSolution
		{0E0AF4F3-0DF9-4067-A806-35D5DAEF52F9} = {8EB0B8DD-C4A9-4741-8531-5EF6EF28033B}
		{05ABEBBA-B336-4443-B03F-1D5A263E46D5} = {8EB0B8DD-C4A9-4741-8531-5EF6EF28033B}
		{96375967-99BD-4AAD-B7BF-6D66C797C1EB} = {05ABEBBA-B336-4443-B03F-1D5A263E46D5}
		{86F0CC3C-0260-4984-91D0-03AEC5315F0D} = {0E0AF4F3-0DF9-4067-A806-35D5DAEF52F9}
		{ED880E24-B2D5-4DD8-8FFB-D3ED3E88F4BF} = {0E0AF4F3-0DF9-4067-A806-35D5DAEF52F9}
		{1FE2280C-3B75-430F-A61F-61A52CE75BA6} = {0E0AF4F3-0DF9-4067-A806-35D5DAEF52F9}
		{84AF12F4-ACD7-420A-85C4-5AD96188AC9D} = {0E0AF4F3-0DF9-4067-A806-35D5DAEF52F9}
		{0CD47A10-BDD8-4363-89E1-5104A0F3C422} = {0E0AF4F3-0DF9-4067-A806-35D5DAEF52F9}
		{F1E33AAC-4A0D-40B7-A496-5D524D824D1E} = {0E0AF4F3-0DF9-4067-A806-35D5DAEF52F9}
		{C5F310FC-3D11-4F65-ABBB-51AF1CB55990} = {96375967-99BD-4AAD-B7BF-6D66C797C1EB}
		{2504ED2D-3467-45C4-A4DE-E504EEC576C3} = {96375967-99BD-4AAD-B7BF-6D66C797C1EB}
		{E46A0A49-208E-4869-9899-B425D955F465} = {96375967-99BD-4AAD-B7BF-6D66C797C1EB}
		{BD331F9E-6A28-45C9-96BF-615F52553FE8} = {96375967-99BD-4AAD-B7BF-6D66C797C1EB}
		{97E94653-5BE3-419D-B1CA-4A19C83621C9} = {96375967-99BD-4AAD-B7BF-6D66C797C1EB}
	EndGlobalSection
	GlobalSection(ExtensibilityGlobals) = postSolution
		SolutionGuid = {CAC77A6E-863B-4F42-8661-ED6034B58526}
	EndGlobalSection
EndGlobal
